
Microsoft Visual Studio Solution File, Format Version 12.00
# Visual Studio Version 16
VisualStudioVersion = 16.0.29409.12
MinimumVisualStudioVersion = 10.0.40219.1
Project("{8BC9CEB8-8B4A-11D0-8D11-00A0C91BC942}") = "CustomTVector", "CustomTVector\CustomTVector.vcxproj", "{99F0009D-12D2-4F90-9229-1196DE6B3F60}"
EndProject
Global
	GlobalSection(SolutionConfigurationPlatforms) = preSolution
		Debug|x64 = Debug|x64
		Debug|x86 = Debug|x86
		Release|x64 = Release|x64
		Release|x86 = Release|x86
	EndGlobalSection
	GlobalSection(ProjectConfigurationPlatforms) = postSolution
		{99F0009D-12D2-4F90-9229-1196DE6B3F60}.Debug|x64.ActiveCfg = Debug|x64
		{99F0009D-12D2-4F90-9229-1196DE6B3F60}.Debug|x64.Build.0 = Debug|x64
		{99F0009D-12D2-4F90-9229-1196DE6B3F60}.Debug|x86.ActiveCfg = Debug|Win32
		{99F0009D-12D2-4F90-9229-1196DE6B3F60}.Debug|x86.Build.0 = Debug|Win32
		{99F0009D-12D2-4F90-9229-1196DE6B3F60}.Release|x64.ActiveCfg = Release|x64
		{99F0009D-12D2-4F90-9229-1196DE6B3F60}.Release|x64.Build.0 = Release|x64
		{99F0009D-12D2-4F90-9229-1196DE6B3F60}.Release|x86.ActiveCfg = Release|Win32
		{99F0009D-12D2-4F90-9229-1196DE6B3F60}.Release|x86.Build.0 = Release|Win32
	EndGlobalSection
	GlobalSection(SolutionProperties) = preSolution
		HideSolutionNode = FALSE
	EndGlobalSection
	GlobalSection(ExtensibilityGlobals) = postSolution
		SolutionGuid = {C9FE9C65-7BB2-471D-92BC-3C4C34E0800D}
	EndGlobalSection
EndGlobal
